
Microsoft Visual Studio Solution File, Format Version 12.00
# Visual Studio 2012
Project("{FAE04EC0-301F-11D3-BF4B-00C04F79EFBC}") = "LogbookApp", "LogbookApp\LogbookApp.csproj", "{6DC24399-8F24-4D07-AB27-9715D5421410}"
EndProject
Project("{FAE04EC0-301F-11D3-BF4B-00C04F79EFBC}") = "LogbookApp.Controls", "LogbookApp.Controls\LogbookApp.Controls.csproj", "{A9F8058B-2F54-4543-BAB7-58BBD0430F28}"
EndProject
Project("{FAE04EC0-301F-11D3-BF4B-00C04F79EFBC}") = "LogbookApp.Data", "LogbookApp.Data\LogbookApp.Data.csproj", "{89900CBD-6C4A-443B-93B9-67081C3308B9}"
EndProject
Project("{FAE04EC0-301F-11D3-BF4B-00C04F79EFBC}") = "LogbookApp.Data.Azure", "LogbookApp.Data.Azure\LogbookApp.Data.Azure.csproj", "{9C3AA3FE-7D24-4426-BDDA-4BED25CFEB13}"
EndProject
Project("{FAE04EC0-301F-11D3-BF4B-00C04F79EFBC}") = "LogbookApp.Test", "LogbookApp.Test\LogbookApp.Test.csproj", "{27CA00E2-4108-491B-B241-A5F4A0CEF3CA}"
EndProject
Project("{00D1A9C2-B5F0-4AF3-8072-F6C62B433612}") = "WorldPilotsLogBook", "..\WorldPilotsLogBook\WorldPilotsLogBook.sqlproj", "{EA5D4DC8-DAC1-41FF-B464-E144CB61B71B}"
EndProject
Project("{FAE04EC0-301F-11D3-BF4B-00C04F79EFBC}") = "DefaultDataLoader", "DefaultDataLoader\DefaultDataLoader.csproj", "{C62207F8-8E8F-4640-9E1A-B3C3B6FA5A45}"
EndProject
Project("{FAE04EC0-301F-11D3-BF4B-00C04F79EFBC}") = "FlightTimes", "FlightTimes\FlightTimes.csproj", "{6839BCFB-3893-4ACA-B5D2-9362BB164CB0}"
EndProject
Project("{FAE04EC0-301F-11D3-BF4B-00C04F79EFBC}") = "FlightTimes.Test", "FlightTimes.Test\FlightTimes.Test.csproj", "{92AD7FEE-5CB0-436D-95B0-D9209B48C37A}"
EndProject
Project("{FAE04EC0-301F-11D3-BF4B-00C04F79EFBC}") = "LogbookApp.LocalData", "LogbookApp.LocalData\LogbookApp.LocalData.csproj", "{72683C7D-0662-4815-9E8E-6E03536FFBCF}"
EndProject
Project("{FAE04EC0-301F-11D3-BF4B-00C04F79EFBC}") = "LogbookApp.Data.Test", "LogbookApp.Data.Test\LogbookApp.Data.Test.csproj", "{922C2E29-78F0-4FBB-9A29-73E3420E3C3F}"
EndProject
Project("{FAE04EC0-301F-11D3-BF4B-00C04F79EFBC}") = "LogbookApp.LocalData.Test", "LogbookApp.LocalData.Test\LogbookApp.LocalData.Test.csproj", "{054B79FB-C670-43DC-BC4E-EB243B24FF2C}"
EndProject
Project("{FAE04EC0-301F-11D3-BF4B-00C04F79EFBC}") = "LogbookApp.FlightDataManagement", "LogbookApp.FlightDataManager\LogbookApp.FlightDataManagement.csproj", "{5895BD95-7913-43CA-961A-5929B08BA6B8}"
EndProject
Project("{FAE04EC0-301F-11D3-BF4B-00C04F79EFBC}") = "LogbookApp.FlightDataManagerTest", "LogbookApp.FlightDataManager.Test\LogbookApp.FlightDataManagerTest.csproj", "{54D49B49-9F4C-4137-BDEA-FBE4C2043B90}"
EndProject
Project("{FAE04EC0-301F-11D3-BF4B-00C04F79EFBC}") = "LogbookApp.Mocks", "LogbookApp.Mocks\LogbookApp.Mocks.csproj", "{69426F3F-EC27-4C6F-B54F-8C014ACCBA1B}"
EndProject
Project("{2150E333-8FDC-42A3-9474-1A3956D46DE8}") = "docs", "docs", "{68043973-02DA-45DA-80ED-CFC97A72A028}"
	ProjectSection(SolutionItems) = preProject
		docs\Connectivitiy use cases.xlsx = docs\Connectivitiy use cases.xlsx
	EndProjectSection
EndProject
Global
	GlobalSection(SolutionConfigurationPlatforms) = preSolution
		Debug|Any CPU = Debug|Any CPU
		Debug|ARM = Debug|ARM
		Debug|Mixed Platforms = Debug|Mixed Platforms
		Debug|x64 = Debug|x64
		Debug|x86 = Debug|x86
		Release|Any CPU = Release|Any CPU
		Release|ARM = Release|ARM
		Release|Mixed Platforms = Release|Mixed Platforms
		Release|x64 = Release|x64
		Release|x86 = Release|x86
	EndGlobalSection
	GlobalSection(ProjectConfigurationPlatforms) = postSolution
		{6DC24399-8F24-4D07-AB27-9715D5421410}.Debug|Any CPU.ActiveCfg = Debug|Any CPU
		{6DC24399-8F24-4D07-AB27-9715D5421410}.Debug|Any CPU.Build.0 = Debug|Any CPU
		{6DC24399-8F24-4D07-AB27-9715D5421410}.Debug|Any CPU.Deploy.0 = Debug|Any CPU
		{6DC24399-8F24-4D07-AB27-9715D5421410}.Debug|ARM.ActiveCfg = Debug|ARM
		{6DC24399-8F24-4D07-AB27-9715D5421410}.Debug|ARM.Build.0 = Debug|ARM
		{6DC24399-8F24-4D07-AB27-9715D5421410}.Debug|ARM.Deploy.0 = Debug|ARM
		{6DC24399-8F24-4D07-AB27-9715D5421410}.Debug|Mixed Platforms.ActiveCfg = Debug|x86
		{6DC24399-8F24-4D07-AB27-9715D5421410}.Debug|Mixed Platforms.Build.0 = Debug|x86
		{6DC24399-8F24-4D07-AB27-9715D5421410}.Debug|Mixed Platforms.Deploy.0 = Debug|x86
		{6DC24399-8F24-4D07-AB27-9715D5421410}.Debug|x64.ActiveCfg = Debug|x64
		{6DC24399-8F24-4D07-AB27-9715D5421410}.Debug|x64.Build.0 = Debug|x64
		{6DC24399-8F24-4D07-AB27-9715D5421410}.Debug|x64.Deploy.0 = Debug|x64
		{6DC24399-8F24-4D07-AB27-9715D5421410}.Debug|x86.ActiveCfg = Debug|x86
		{6DC24399-8F24-4D07-AB27-9715D5421410}.Debug|x86.Build.0 = Debug|x86
		{6DC24399-8F24-4D07-AB27-9715D5421410}.Debug|x86.Deploy.0 = Debug|x86
		{6DC24399-8F24-4D07-AB27-9715D5421410}.Release|Any CPU.ActiveCfg = Release|Any CPU
		{6DC24399-8F24-4D07-AB27-9715D5421410}.Release|Any CPU.Build.0 = Release|Any CPU
		{6DC24399-8F24-4D07-AB27-9715D5421410}.Release|Any CPU.Deploy.0 = Release|Any CPU
		{6DC24399-8F24-4D07-AB27-9715D5421410}.Release|ARM.ActiveCfg = Release|ARM
		{6DC24399-8F24-4D07-AB27-9715D5421410}.Release|ARM.Build.0 = Release|ARM
		{6DC24399-8F24-4D07-AB27-9715D5421410}.Release|ARM.Deploy.0 = Release|ARM
		{6DC24399-8F24-4D07-AB27-9715D5421410}.Release|Mixed Platforms.ActiveCfg = Release|x86
		{6DC24399-8F24-4D07-AB27-9715D5421410}.Release|Mixed Platforms.Build.0 = Release|x86
		{6DC24399-8F24-4D07-AB27-9715D5421410}.Release|Mixed Platforms.Deploy.0 = Release|x86
		{6DC24399-8F24-4D07-AB27-9715D5421410}.Release|x64.ActiveCfg = Release|x64
		{6DC24399-8F24-4D07-AB27-9715D5421410}.Release|x64.Build.0 = Release|x64
		{6DC24399-8F24-4D07-AB27-9715D5421410}.Release|x64.Deploy.0 = Release|x64
		{6DC24399-8F24-4D07-AB27-9715D5421410}.Release|x86.ActiveCfg = Release|x86
		{6DC24399-8F24-4D07-AB27-9715D5421410}.Release|x86.Build.0 = Release|x86
		{6DC24399-8F24-4D07-AB27-9715D5421410}.Release|x86.Deploy.0 = Release|x86
		{A9F8058B-2F54-4543-BAB7-58BBD0430F28}.Debug|Any CPU.ActiveCfg = Debug|Any CPU
		{A9F8058B-2F54-4543-BAB7-58BBD0430F28}.Debug|Any CPU.Build.0 = Debug|Any CPU
		{A9F8058B-2F54-4543-BAB7-58BBD0430F28}.Debug|ARM.ActiveCfg = Debug|ARM
		{A9F8058B-2F54-4543-BAB7-58BBD0430F28}.Debug|ARM.Build.0 = Debug|ARM
		{A9F8058B-2F54-4543-BAB7-58BBD0430F28}.Debug|Mixed Platforms.ActiveCfg = Debug|x86
		{A9F8058B-2F54-4543-BAB7-58BBD0430F28}.Debug|Mixed Platforms.Build.0 = Debug|x86
		{A9F8058B-2F54-4543-BAB7-58BBD0430F28}.Debug|x64.ActiveCfg = Debug|x64
		{A9F8058B-2F54-4543-BAB7-58BBD0430F28}.Debug|x64.Build.0 = Debug|x64
		{A9F8058B-2F54-4543-BAB7-58BBD0430F28}.Debug|x86.ActiveCfg = Debug|x86
		{A9F8058B-2F54-4543-BAB7-58BBD0430F28}.Debug|x86.Build.0 = Debug|x86
		{A9F8058B-2F54-4543-BAB7-58BBD0430F28}.Release|Any CPU.ActiveCfg = Release|Any CPU
		{A9F8058B-2F54-4543-BAB7-58BBD0430F28}.Release|Any CPU.Build.0 = Release|Any CPU
		{A9F8058B-2F54-4543-BAB7-58BBD0430F28}.Release|ARM.ActiveCfg = Release|ARM
		{A9F8058B-2F54-4543-BAB7-58BBD0430F28}.Release|ARM.Build.0 = Release|ARM
		{A9F8058B-2F54-4543-BAB7-58BBD0430F28}.Release|Mixed Platforms.ActiveCfg = Release|x86
		{A9F8058B-2F54-4543-BAB7-58BBD0430F28}.Release|Mixed Platforms.Build.0 = Release|x86
		{A9F8058B-2F54-4543-BAB7-58BBD0430F28}.Release|x64.ActiveCfg = Release|x64
		{A9F8058B-2F54-4543-BAB7-58BBD0430F28}.Release|x64.Build.0 = Release|x64
		{A9F8058B-2F54-4543-BAB7-58BBD0430F28}.Release|x86.ActiveCfg = Release|x86
		{A9F8058B-2F54-4543-BAB7-58BBD0430F28}.Release|x86.Build.0 = Release|x86
		{89900CBD-6C4A-443B-93B9-67081C3308B9}.Debug|Any CPU.ActiveCfg = Debug|Any CPU
		{89900CBD-6C4A-443B-93B9-67081C3308B9}.Debug|Any CPU.Build.0 = Debug|Any CPU
		{89900CBD-6C4A-443B-93B9-67081C3308B9}.Debug|ARM.ActiveCfg = Debug|ARM
		{89900CBD-6C4A-443B-93B9-67081C3308B9}.Debug|ARM.Build.0 = Debug|ARM
		{89900CBD-6C4A-443B-93B9-67081C3308B9}.Debug|Mixed Platforms.ActiveCfg = Debug|x86
		{89900CBD-6C4A-443B-93B9-67081C3308B9}.Debug|Mixed Platforms.Build.0 = Debug|x86
		{89900CBD-6C4A-443B-93B9-67081C3308B9}.Debug|x64.ActiveCfg = Debug|x64
		{89900CBD-6C4A-443B-93B9-67081C3308B9}.Debug|x64.Build.0 = Debug|x64
		{89900CBD-6C4A-443B-93B9-67081C3308B9}.Debug|x86.ActiveCfg = Debug|x86
		{89900CBD-6C4A-443B-93B9-67081C3308B9}.Debug|x86.Build.0 = Debug|x86
		{89900CBD-6C4A-443B-93B9-67081C3308B9}.Release|Any CPU.ActiveCfg = Release|Any CPU
		{89900CBD-6C4A-443B-93B9-67081C3308B9}.Release|Any CPU.Build.0 = Release|Any CPU
		{89900CBD-6C4A-443B-93B9-67081C3308B9}.Release|ARM.ActiveCfg = Release|ARM
		{89900CBD-6C4A-443B-93B9-67081C3308B9}.Release|ARM.Build.0 = Release|ARM
		{89900CBD-6C4A-443B-93B9-67081C3308B9}.Release|Mixed Platforms.ActiveCfg = Release|x86
		{89900CBD-6C4A-443B-93B9-67081C3308B9}.Release|Mixed Platforms.Build.0 = Release|x86
		{89900CBD-6C4A-443B-93B9-67081C3308B9}.Release|x64.ActiveCfg = Release|x64
		{89900CBD-6C4A-443B-93B9-67081C3308B9}.Release|x64.Build.0 = Release|x64
		{89900CBD-6C4A-443B-93B9-67081C3308B9}.Release|x86.ActiveCfg = Release|x86
		{89900CBD-6C4A-443B-93B9-67081C3308B9}.Release|x86.Build.0 = Release|x86
		{9C3AA3FE-7D24-4426-BDDA-4BED25CFEB13}.Debug|Any CPU.ActiveCfg = Debug|Any CPU
		{9C3AA3FE-7D24-4426-BDDA-4BED25CFEB13}.Debug|Any CPU.Build.0 = Debug|Any CPU
		{9C3AA3FE-7D24-4426-BDDA-4BED25CFEB13}.Debug|ARM.ActiveCfg = Debug|ARM
		{9C3AA3FE-7D24-4426-BDDA-4BED25CFEB13}.Debug|ARM.Build.0 = Debug|ARM
		{9C3AA3FE-7D24-4426-BDDA-4BED25CFEB13}.Debug|Mixed Platforms.ActiveCfg = Debug|x86
		{9C3AA3FE-7D24-4426-BDDA-4BED25CFEB13}.Debug|Mixed Platforms.Build.0 = Debug|x86
		{9C3AA3FE-7D24-4426-BDDA-4BED25CFEB13}.Debug|x64.ActiveCfg = Debug|x64
		{9C3AA3FE-7D24-4426-BDDA-4BED25CFEB13}.Debug|x64.Build.0 = Debug|x64
		{9C3AA3FE-7D24-4426-BDDA-4BED25CFEB13}.Debug|x86.ActiveCfg = Debug|x86
		{9C3AA3FE-7D24-4426-BDDA-4BED25CFEB13}.Debug|x86.Build.0 = Debug|x86
		{9C3AA3FE-7D24-4426-BDDA-4BED25CFEB13}.Release|Any CPU.ActiveCfg = Release|Any CPU
		{9C3AA3FE-7D24-4426-BDDA-4BED25CFEB13}.Release|Any CPU.Build.0 = Release|Any CPU
		{9C3AA3FE-7D24-4426-BDDA-4BED25CFEB13}.Release|ARM.ActiveCfg = Release|ARM
		{9C3AA3FE-7D24-4426-BDDA-4BED25CFEB13}.Release|ARM.Build.0 = Release|ARM
		{9C3AA3FE-7D24-4426-BDDA-4BED25CFEB13}.Release|Mixed Platforms.ActiveCfg = Release|x86
		{9C3AA3FE-7D24-4426-BDDA-4BED25CFEB13}.Release|Mixed Platforms.Build.0 = Release|x86
		{9C3AA3FE-7D24-4426-BDDA-4BED25CFEB13}.Release|x64.ActiveCfg = Release|x64
		{9C3AA3FE-7D24-4426-BDDA-4BED25CFEB13}.Release|x64.Build.0 = Release|x64
		{9C3AA3FE-7D24-4426-BDDA-4BED25CFEB13}.Release|x86.ActiveCfg = Release|x86
		{9C3AA3FE-7D24-4426-BDDA-4BED25CFEB13}.Release|x86.Build.0 = Release|x86
		{27CA00E2-4108-491B-B241-A5F4A0CEF3CA}.Debug|Any CPU.ActiveCfg = Debug|Any CPU
		{27CA00E2-4108-491B-B241-A5F4A0CEF3CA}.Debug|Any CPU.Build.0 = Debug|Any CPU
		{27CA00E2-4108-491B-B241-A5F4A0CEF3CA}.Debug|Any CPU.Deploy.0 = Debug|Any CPU
		{27CA00E2-4108-491B-B241-A5F4A0CEF3CA}.Debug|ARM.ActiveCfg = Debug|ARM
		{27CA00E2-4108-491B-B241-A5F4A0CEF3CA}.Debug|ARM.Build.0 = Debug|ARM
		{27CA00E2-4108-491B-B241-A5F4A0CEF3CA}.Debug|ARM.Deploy.0 = Debug|ARM
		{27CA00E2-4108-491B-B241-A5F4A0CEF3CA}.Debug|Mixed Platforms.ActiveCfg = Debug|x86
		{27CA00E2-4108-491B-B241-A5F4A0CEF3CA}.Debug|Mixed Platforms.Build.0 = Debug|x86
		{27CA00E2-4108-491B-B241-A5F4A0CEF3CA}.Debug|Mixed Platforms.Deploy.0 = Debug|x86
		{27CA00E2-4108-491B-B241-A5F4A0CEF3CA}.Debug|x64.ActiveCfg = Debug|x64
		{27CA00E2-4108-491B-B241-A5F4A0CEF3CA}.Debug|x64.Build.0 = Debug|x64
		{27CA00E2-4108-491B-B241-A5F4A0CEF3CA}.Debug|x64.Deploy.0 = Debug|x64
		{27CA00E2-4108-491B-B241-A5F4A0CEF3CA}.Debug|x86.ActiveCfg = Debug|x86
		{27CA00E2-4108-491B-B241-A5F4A0CEF3CA}.Debug|x86.Build.0 = Debug|x86
		{27CA00E2-4108-491B-B241-A5F4A0CEF3CA}.Debug|x86.Deploy.0 = Debug|x86
		{27CA00E2-4108-491B-B241-A5F4A0CEF3CA}.Release|Any CPU.ActiveCfg = Release|Any CPU
		{27CA00E2-4108-491B-B241-A5F4A0CEF3CA}.Release|Any CPU.Build.0 = Release|Any CPU
		{27CA00E2-4108-491B-B241-A5F4A0CEF3CA}.Release|Any CPU.Deploy.0 = Release|Any CPU
		{27CA00E2-4108-491B-B241-A5F4A0CEF3CA}.Release|ARM.ActiveCfg = Release|ARM
		{27CA00E2-4108-491B-B241-A5F4A0CEF3CA}.Release|ARM.Build.0 = Release|ARM
		{27CA00E2-4108-491B-B241-A5F4A0CEF3CA}.Release|ARM.Deploy.0 = Release|ARM
		{27CA00E2-4108-491B-B241-A5F4A0CEF3CA}.Release|Mixed Platforms.ActiveCfg = Release|x86
		{27CA00E2-4108-491B-B241-A5F4A0CEF3CA}.Release|Mixed Platforms.Build.0 = Release|x86
		{27CA00E2-4108-491B-B241-A5F4A0CEF3CA}.Release|Mixed Platforms.Deploy.0 = Release|x86
		{27CA00E2-4108-491B-B241-A5F4A0CEF3CA}.Release|x64.ActiveCfg = Release|x64
		{27CA00E2-4108-491B-B241-A5F4A0CEF3CA}.Release|x64.Build.0 = Release|x64
		{27CA00E2-4108-491B-B241-A5F4A0CEF3CA}.Release|x64.Deploy.0 = Release|x64
		{27CA00E2-4108-491B-B241-A5F4A0CEF3CA}.Release|x86.ActiveCfg = Release|x86
		{27CA00E2-4108-491B-B241-A5F4A0CEF3CA}.Release|x86.Build.0 = Release|x86
		{27CA00E2-4108-491B-B241-A5F4A0CEF3CA}.Release|x86.Deploy.0 = Release|x86
		{EA5D4DC8-DAC1-41FF-B464-E144CB61B71B}.Debug|Any CPU.ActiveCfg = Debug|Any CPU
		{EA5D4DC8-DAC1-41FF-B464-E144CB61B71B}.Debug|Any CPU.Build.0 = Debug|Any CPU
		{EA5D4DC8-DAC1-41FF-B464-E144CB61B71B}.Debug|Any CPU.Deploy.0 = Debug|Any CPU
		{EA5D4DC8-DAC1-41FF-B464-E144CB61B71B}.Debug|ARM.ActiveCfg = Debug|Any CPU
		{EA5D4DC8-DAC1-41FF-B464-E144CB61B71B}.Debug|Mixed Platforms.ActiveCfg = Debug|Any CPU
		{EA5D4DC8-DAC1-41FF-B464-E144CB61B71B}.Debug|Mixed Platforms.Build.0 = Debug|Any CPU
		{EA5D4DC8-DAC1-41FF-B464-E144CB61B71B}.Debug|Mixed Platforms.Deploy.0 = Debug|Any CPU
		{EA5D4DC8-DAC1-41FF-B464-E144CB61B71B}.Debug|x64.ActiveCfg = Debug|Any CPU
		{EA5D4DC8-DAC1-41FF-B464-E144CB61B71B}.Debug|x86.ActiveCfg = Debug|Any CPU
		{EA5D4DC8-DAC1-41FF-B464-E144CB61B71B}.Release|Any CPU.ActiveCfg = Release|Any CPU
		{EA5D4DC8-DAC1-41FF-B464-E144CB61B71B}.Release|Any CPU.Build.0 = Release|Any CPU
		{EA5D4DC8-DAC1-41FF-B464-E144CB61B71B}.Release|Any CPU.Deploy.0 = Release|Any CPU
		{EA5D4DC8-DAC1-41FF-B464-E144CB61B71B}.Release|ARM.ActiveCfg = Release|Any CPU
		{EA5D4DC8-DAC1-41FF-B464-E144CB61B71B}.Release|Mixed Platforms.ActiveCfg = Release|Any CPU
		{EA5D4DC8-DAC1-41FF-B464-E144CB61B71B}.Release|Mixed Platforms.Build.0 = Release|Any CPU
		{EA5D4DC8-DAC1-41FF-B464-E144CB61B71B}.Release|Mixed Platforms.Deploy.0 = Release|Any CPU
		{EA5D4DC8-DAC1-41FF-B464-E144CB61B71B}.Release|x64.ActiveCfg = Release|Any CPU
		{EA5D4DC8-DAC1-41FF-B464-E144CB61B71B}.Release|x86.ActiveCfg = Release|Any CPU
		{C62207F8-8E8F-4640-9E1A-B3C3B6FA5A45}.Debug|Any CPU.ActiveCfg = Debug|Any CPU
		{C62207F8-8E8F-4640-9E1A-B3C3B6FA5A45}.Debug|Any CPU.Build.0 = Debug|Any CPU
		{C62207F8-8E8F-4640-9E1A-B3C3B6FA5A45}.Debug|Any CPU.Deploy.0 = Debug|Any CPU
		{C62207F8-8E8F-4640-9E1A-B3C3B6FA5A45}.Debug|ARM.ActiveCfg = Debug|ARM
		{C62207F8-8E8F-4640-9E1A-B3C3B6FA5A45}.Debug|ARM.Build.0 = Debug|ARM
		{C62207F8-8E8F-4640-9E1A-B3C3B6FA5A45}.Debug|ARM.Deploy.0 = Debug|ARM
		{C62207F8-8E8F-4640-9E1A-B3C3B6FA5A45}.Debug|Mixed Platforms.ActiveCfg = Debug|x86
		{C62207F8-8E8F-4640-9E1A-B3C3B6FA5A45}.Debug|Mixed Platforms.Build.0 = Debug|x86
		{C62207F8-8E8F-4640-9E1A-B3C3B6FA5A45}.Debug|Mixed Platforms.Deploy.0 = Debug|x86
		{C62207F8-8E8F-4640-9E1A-B3C3B6FA5A45}.Debug|x64.ActiveCfg = Debug|x64
		{C62207F8-8E8F-4640-9E1A-B3C3B6FA5A45}.Debug|x64.Build.0 = Debug|x64
		{C62207F8-8E8F-4640-9E1A-B3C3B6FA5A45}.Debug|x64.Deploy.0 = Debug|x64
		{C62207F8-8E8F-4640-9E1A-B3C3B6FA5A45}.Debug|x86.ActiveCfg = Debug|x86
		{C62207F8-8E8F-4640-9E1A-B3C3B6FA5A45}.Debug|x86.Build.0 = Debug|x86
		{C62207F8-8E8F-4640-9E1A-B3C3B6FA5A45}.Debug|x86.Deploy.0 = Debug|x86
		{C62207F8-8E8F-4640-9E1A-B3C3B6FA5A45}.Release|Any CPU.ActiveCfg = Release|Any CPU
		{C62207F8-8E8F-4640-9E1A-B3C3B6FA5A45}.Release|Any CPU.Build.0 = Release|Any CPU
		{C62207F8-8E8F-4640-9E1A-B3C3B6FA5A45}.Release|Any CPU.Deploy.0 = Release|Any CPU
		{C62207F8-8E8F-4640-9E1A-B3C3B6FA5A45}.Release|ARM.ActiveCfg = Release|ARM
		{C62207F8-8E8F-4640-9E1A-B3C3B6FA5A45}.Release|ARM.Build.0 = Release|ARM
		{C62207F8-8E8F-4640-9E1A-B3C3B6FA5A45}.Release|ARM.Deploy.0 = Release|ARM
		{C62207F8-8E8F-4640-9E1A-B3C3B6FA5A45}.Release|Mixed Platforms.ActiveCfg = Release|x86
		{C62207F8-8E8F-4640-9E1A-B3C3B6FA5A45}.Release|Mixed Platforms.Build.0 = Release|x86
		{C62207F8-8E8F-4640-9E1A-B3C3B6FA5A45}.Release|Mixed Platforms.Deploy.0 = Release|x86
		{C62207F8-8E8F-4640-9E1A-B3C3B6FA5A45}.Release|x64.ActiveCfg = Release|x64
		{C62207F8-8E8F-4640-9E1A-B3C3B6FA5A45}.Release|x64.Build.0 = Release|x64
		{C62207F8-8E8F-4640-9E1A-B3C3B6FA5A45}.Release|x64.Deploy.0 = Release|x64
		{C62207F8-8E8F-4640-9E1A-B3C3B6FA5A45}.Release|x86.ActiveCfg = Release|x86
		{C62207F8-8E8F-4640-9E1A-B3C3B6FA5A45}.Release|x86.Build.0 = Release|x86
		{C62207F8-8E8F-4640-9E1A-B3C3B6FA5A45}.Release|x86.Deploy.0 = Release|x86
		{6839BCFB-3893-4ACA-B5D2-9362BB164CB0}.Debug|Any CPU.ActiveCfg = Debug|Any CPU
		{6839BCFB-3893-4ACA-B5D2-9362BB164CB0}.Debug|Any CPU.Build.0 = Debug|Any CPU
		{6839BCFB-3893-4ACA-B5D2-9362BB164CB0}.Debug|ARM.ActiveCfg = Debug|ARM
		{6839BCFB-3893-4ACA-B5D2-9362BB164CB0}.Debug|ARM.Build.0 = Debug|ARM
		{6839BCFB-3893-4ACA-B5D2-9362BB164CB0}.Debug|Mixed Platforms.ActiveCfg = Debug|x86
		{6839BCFB-3893-4ACA-B5D2-9362BB164CB0}.Debug|Mixed Platforms.Build.0 = Debug|x86
		{6839BCFB-3893-4ACA-B5D2-9362BB164CB0}.Debug|x64.ActiveCfg = Debug|x64
		{6839BCFB-3893-4ACA-B5D2-9362BB164CB0}.Debug|x64.Build.0 = Debug|x64
		{6839BCFB-3893-4ACA-B5D2-9362BB164CB0}.Debug|x86.ActiveCfg = Debug|x86
		{6839BCFB-3893-4ACA-B5D2-9362BB164CB0}.Debug|x86.Build.0 = Debug|x86
		{6839BCFB-3893-4ACA-B5D2-9362BB164CB0}.Release|Any CPU.ActiveCfg = Release|Any CPU
		{6839BCFB-3893-4ACA-B5D2-9362BB164CB0}.Release|Any CPU.Build.0 = Release|Any CPU
		{6839BCFB-3893-4ACA-B5D2-9362BB164CB0}.Release|ARM.ActiveCfg = Release|ARM
		{6839BCFB-3893-4ACA-B5D2-9362BB164CB0}.Release|ARM.Build.0 = Release|ARM
		{6839BCFB-3893-4ACA-B5D2-9362BB164CB0}.Release|Mixed Platforms.ActiveCfg = Release|x86
		{6839BCFB-3893-4ACA-B5D2-9362BB164CB0}.Release|Mixed Platforms.Build.0 = Release|x86
		{6839BCFB-3893-4ACA-B5D2-9362BB164CB0}.Release|x64.ActiveCfg = Release|x64
		{6839BCFB-3893-4ACA-B5D2-9362BB164CB0}.Release|x64.Build.0 = Release|x64
		{6839BCFB-3893-4ACA-B5D2-9362BB164CB0}.Release|x86.ActiveCfg = Release|x86
		{6839BCFB-3893-4ACA-B5D2-9362BB164CB0}.Release|x86.Build.0 = Release|x86
		{92AD7FEE-5CB0-436D-95B0-D9209B48C37A}.Debug|Any CPU.ActiveCfg = Debug|Any CPU
		{92AD7FEE-5CB0-436D-95B0-D9209B48C37A}.Debug|Any CPU.Build.0 = Debug|Any CPU
		{92AD7FEE-5CB0-436D-95B0-D9209B48C37A}.Debug|Any CPU.Deploy.0 = Debug|Any CPU
		{92AD7FEE-5CB0-436D-95B0-D9209B48C37A}.Debug|ARM.ActiveCfg = Debug|ARM
		{92AD7FEE-5CB0-436D-95B0-D9209B48C37A}.Debug|ARM.Build.0 = Debug|ARM
		{92AD7FEE-5CB0-436D-95B0-D9209B48C37A}.Debug|ARM.Deploy.0 = Debug|ARM
		{92AD7FEE-5CB0-436D-95B0-D9209B48C37A}.Debug|Mixed Platforms.ActiveCfg = Debug|x86
		{92AD7FEE-5CB0-436D-95B0-D9209B48C37A}.Debug|Mixed Platforms.Build.0 = Debug|x86
		{92AD7FEE-5CB0-436D-95B0-D9209B48C37A}.Debug|Mixed Platforms.Deploy.0 = Debug|x86
		{92AD7FEE-5CB0-436D-95B0-D9209B48C37A}.Debug|x64.ActiveCfg = Debug|x64
		{92AD7FEE-5CB0-436D-95B0-D9209B48C37A}.Debug|x64.Build.0 = Debug|x64
		{92AD7FEE-5CB0-436D-95B0-D9209B48C37A}.Debug|x64.Deploy.0 = Debug|x64
		{92AD7FEE-5CB0-436D-95B0-D9209B48C37A}.Debug|x86.ActiveCfg = Debug|x86
		{92AD7FEE-5CB0-436D-95B0-D9209B48C37A}.Debug|x86.Build.0 = Debug|x86
		{92AD7FEE-5CB0-436D-95B0-D9209B48C37A}.Debug|x86.Deploy.0 = Debug|x86
		{92AD7FEE-5CB0-436D-95B0-D9209B48C37A}.Release|Any CPU.ActiveCfg = Release|Any CPU
		{92AD7FEE-5CB0-436D-95B0-D9209B48C37A}.Release|Any CPU.Build.0 = Release|Any CPU
		{92AD7FEE-5CB0-436D-95B0-D9209B48C37A}.Release|Any CPU.Deploy.0 = Release|Any CPU
		{92AD7FEE-5CB0-436D-95B0-D9209B48C37A}.Release|ARM.ActiveCfg = Release|ARM
		{92AD7FEE-5CB0-436D-95B0-D9209B48C37A}.Release|ARM.Build.0 = Release|ARM
		{92AD7FEE-5CB0-436D-95B0-D9209B48C37A}.Release|ARM.Deploy.0 = Release|ARM
		{92AD7FEE-5CB0-436D-95B0-D9209B48C37A}.Release|Mixed Platforms.ActiveCfg = Release|x86
		{92AD7FEE-5CB0-436D-95B0-D9209B48C37A}.Release|Mixed Platforms.Build.0 = Release|x86
		{92AD7FEE-5CB0-436D-95B0-D9209B48C37A}.Release|Mixed Platforms.Deploy.0 = Release|x86
		{92AD7FEE-5CB0-436D-95B0-D9209B48C37A}.Release|x64.ActiveCfg = Release|x64
		{92AD7FEE-5CB0-436D-95B0-D9209B48C37A}.Release|x64.Build.0 = Release|x64
		{92AD7FEE-5CB0-436D-95B0-D9209B48C37A}.Release|x64.Deploy.0 = Release|x64
		{92AD7FEE-5CB0-436D-95B0-D9209B48C37A}.Release|x86.ActiveCfg = Release|x86
		{92AD7FEE-5CB0-436D-95B0-D9209B48C37A}.Release|x86.Build.0 = Release|x86
		{92AD7FEE-5CB0-436D-95B0-D9209B48C37A}.Release|x86.Deploy.0 = Release|x86
		{72683C7D-0662-4815-9E8E-6E03536FFBCF}.Debug|Any CPU.ActiveCfg = Debug|Any CPU
		{72683C7D-0662-4815-9E8E-6E03536FFBCF}.Debug|Any CPU.Build.0 = Debug|Any CPU
		{72683C7D-0662-4815-9E8E-6E03536FFBCF}.Debug|ARM.ActiveCfg = Debug|ARM
		{72683C7D-0662-4815-9E8E-6E03536FFBCF}.Debug|ARM.Build.0 = Debug|ARM
		{72683C7D-0662-4815-9E8E-6E03536FFBCF}.Debug|Mixed Platforms.ActiveCfg = Debug|x86
		{72683C7D-0662-4815-9E8E-6E03536FFBCF}.Debug|Mixed Platforms.Build.0 = Debug|x86
		{72683C7D-0662-4815-9E8E-6E03536FFBCF}.Debug|x64.ActiveCfg = Debug|x64
		{72683C7D-0662-4815-9E8E-6E03536FFBCF}.Debug|x64.Build.0 = Debug|x64
		{72683C7D-0662-4815-9E8E-6E03536FFBCF}.Debug|x86.ActiveCfg = Debug|x86
		{72683C7D-0662-4815-9E8E-6E03536FFBCF}.Debug|x86.Build.0 = Debug|x86
		{72683C7D-0662-4815-9E8E-6E03536FFBCF}.Release|Any CPU.ActiveCfg = Release|Any CPU
		{72683C7D-0662-4815-9E8E-6E03536FFBCF}.Release|Any CPU.Build.0 = Release|Any CPU
		{72683C7D-0662-4815-9E8E-6E03536FFBCF}.Release|ARM.ActiveCfg = Release|ARM
		{72683C7D-0662-4815-9E8E-6E03536FFBCF}.Release|ARM.Build.0 = Release|ARM
		{72683C7D-0662-4815-9E8E-6E03536FFBCF}.Release|Mixed Platforms.ActiveCfg = Release|x86
		{72683C7D-0662-4815-9E8E-6E03536FFBCF}.Release|Mixed Platforms.Build.0 = Release|x86
		{72683C7D-0662-4815-9E8E-6E03536FFBCF}.Release|x64.ActiveCfg = Release|x64
		{72683C7D-0662-4815-9E8E-6E03536FFBCF}.Release|x64.Build.0 = Release|x64
		{72683C7D-0662-4815-9E8E-6E03536FFBCF}.Release|x86.ActiveCfg = Release|x86
		{72683C7D-0662-4815-9E8E-6E03536FFBCF}.Release|x86.Build.0 = Release|x86
		{922C2E29-78F0-4FBB-9A29-73E3420E3C3F}.Debug|Any CPU.ActiveCfg = Debug|Any CPU
		{922C2E29-78F0-4FBB-9A29-73E3420E3C3F}.Debug|Any CPU.Build.0 = Debug|Any CPU
		{922C2E29-78F0-4FBB-9A29-73E3420E3C3F}.Debug|Any CPU.Deploy.0 = Debug|Any CPU
		{922C2E29-78F0-4FBB-9A29-73E3420E3C3F}.Debug|ARM.ActiveCfg = Debug|ARM
		{922C2E29-78F0-4FBB-9A29-73E3420E3C3F}.Debug|ARM.Build.0 = Debug|ARM
		{922C2E29-78F0-4FBB-9A29-73E3420E3C3F}.Debug|ARM.Deploy.0 = Debug|ARM
		{922C2E29-78F0-4FBB-9A29-73E3420E3C3F}.Debug|Mixed Platforms.ActiveCfg = Debug|x86
		{922C2E29-78F0-4FBB-9A29-73E3420E3C3F}.Debug|Mixed Platforms.Build.0 = Debug|x86
		{922C2E29-78F0-4FBB-9A29-73E3420E3C3F}.Debug|Mixed Platforms.Deploy.0 = Debug|x86
		{922C2E29-78F0-4FBB-9A29-73E3420E3C3F}.Debug|x64.ActiveCfg = Debug|x64
		{922C2E29-78F0-4FBB-9A29-73E3420E3C3F}.Debug|x64.Build.0 = Debug|x64
		{922C2E29-78F0-4FBB-9A29-73E3420E3C3F}.Debug|x64.Deploy.0 = Debug|x64
		{922C2E29-78F0-4FBB-9A29-73E3420E3C3F}.Debug|x86.ActiveCfg = Debug|x86
		{922C2E29-78F0-4FBB-9A29-73E3420E3C3F}.Debug|x86.Build.0 = Debug|x86
		{922C2E29-78F0-4FBB-9A29-73E3420E3C3F}.Debug|x86.Deploy.0 = Debug|x86
		{922C2E29-78F0-4FBB-9A29-73E3420E3C3F}.Release|Any CPU.ActiveCfg = Release|Any CPU
		{922C2E29-78F0-4FBB-9A29-73E3420E3C3F}.Release|Any CPU.Build.0 = Release|Any CPU
		{922C2E29-78F0-4FBB-9A29-73E3420E3C3F}.Release|Any CPU.Deploy.0 = Release|Any CPU
		{922C2E29-78F0-4FBB-9A29-73E3420E3C3F}.Release|ARM.ActiveCfg = Release|ARM
		{922C2E29-78F0-4FBB-9A29-73E3420E3C3F}.Release|ARM.Build.0 = Release|ARM
		{922C2E29-78F0-4FBB-9A29-73E3420E3C3F}.Release|ARM.Deploy.0 = Release|ARM
		{922C2E29-78F0-4FBB-9A29-73E3420E3C3F}.Release|Mixed Platforms.ActiveCfg = Release|x86
		{922C2E29-78F0-4FBB-9A29-73E3420E3C3F}.Release|Mixed Platforms.Build.0 = Release|x86
		{922C2E29-78F0-4FBB-9A29-73E3420E3C3F}.Release|Mixed Platforms.Deploy.0 = Release|x86
		{922C2E29-78F0-4FBB-9A29-73E3420E3C3F}.Release|x64.ActiveCfg = Release|x64
		{922C2E29-78F0-4FBB-9A29-73E3420E3C3F}.Release|x64.Build.0 = Release|x64
		{922C2E29-78F0-4FBB-9A29-73E3420E3C3F}.Release|x64.Deploy.0 = Release|x64
		{922C2E29-78F0-4FBB-9A29-73E3420E3C3F}.Release|x86.ActiveCfg = Release|x86
		{922C2E29-78F0-4FBB-9A29-73E3420E3C3F}.Release|x86.Build.0 = Release|x86
		{922C2E29-78F0-4FBB-9A29-73E3420E3C3F}.Release|x86.Deploy.0 = Release|x86
		{054B79FB-C670-43DC-BC4E-EB243B24FF2C}.Debug|Any CPU.ActiveCfg = Debug|Any CPU
		{054B79FB-C670-43DC-BC4E-EB243B24FF2C}.Debug|Any CPU.Build.0 = Debug|Any CPU
		{054B79FB-C670-43DC-BC4E-EB243B24FF2C}.Debug|Any CPU.Deploy.0 = Debug|Any CPU
		{054B79FB-C670-43DC-BC4E-EB243B24FF2C}.Debug|ARM.ActiveCfg = Debug|ARM
		{054B79FB-C670-43DC-BC4E-EB243B24FF2C}.Debug|ARM.Build.0 = Debug|ARM
		{054B79FB-C670-43DC-BC4E-EB243B24FF2C}.Debug|ARM.Deploy.0 = Debug|ARM
		{054B79FB-C670-43DC-BC4E-EB243B24FF2C}.Debug|Mixed Platforms.ActiveCfg = Debug|x86
		{054B79FB-C670-43DC-BC4E-EB243B24FF2C}.Debug|Mixed Platforms.Build.0 = Debug|x86
		{054B79FB-C670-43DC-BC4E-EB243B24FF2C}.Debug|Mixed Platforms.Deploy.0 = Debug|x86
		{054B79FB-C670-43DC-BC4E-EB243B24FF2C}.Debug|x64.ActiveCfg = Debug|x64
		{054B79FB-C670-43DC-BC4E-EB243B24FF2C}.Debug|x64.Build.0 = Debug|x64
		{054B79FB-C670-43DC-BC4E-EB243B24FF2C}.Debug|x64.Deploy.0 = Debug|x64
		{054B79FB-C670-43DC-BC4E-EB243B24FF2C}.Debug|x86.ActiveCfg = Debug|x86
		{054B79FB-C670-43DC-BC4E-EB243B24FF2C}.Debug|x86.Build.0 = Debug|x86
		{054B79FB-C670-43DC-BC4E-EB243B24FF2C}.Debug|x86.Deploy.0 = Debug|x86
		{054B79FB-C670-43DC-BC4E-EB243B24FF2C}.Release|Any CPU.ActiveCfg = Release|Any CPU
		{054B79FB-C670-43DC-BC4E-EB243B24FF2C}.Release|Any CPU.Build.0 = Release|Any CPU
		{054B79FB-C670-43DC-BC4E-EB243B24FF2C}.Release|Any CPU.Deploy.0 = Release|Any CPU
		{054B79FB-C670-43DC-BC4E-EB243B24FF2C}.Release|ARM.ActiveCfg = Release|ARM
		{054B79FB-C670-43DC-BC4E-EB243B24FF2C}.Release|ARM.Build.0 = Release|ARM
		{054B79FB-C670-43DC-BC4E-EB243B24FF2C}.Release|ARM.Deploy.0 = Release|ARM
		{054B79FB-C670-43DC-BC4E-EB243B24FF2C}.Release|Mixed Platforms.ActiveCfg = Release|x86
		{054B79FB-C670-43DC-BC4E-EB243B24FF2C}.Release|Mixed Platforms.Build.0 = Release|x86
		{054B79FB-C670-43DC-BC4E-EB243B24FF2C}.Release|Mixed Platforms.Deploy.0 = Release|x86
		{054B79FB-C670-43DC-BC4E-EB243B24FF2C}.Release|x64.ActiveCfg = Release|x64
		{054B79FB-C670-43DC-BC4E-EB243B24FF2C}.Release|x64.Build.0 = Release|x64
		{054B79FB-C670-43DC-BC4E-EB243B24FF2C}.Release|x64.Deploy.0 = Release|x64
		{054B79FB-C670-43DC-BC4E-EB243B24FF2C}.Release|x86.ActiveCfg = Release|x86
		{054B79FB-C670-43DC-BC4E-EB243B24FF2C}.Release|x86.Build.0 = Release|x86
		{054B79FB-C670-43DC-BC4E-EB243B24FF2C}.Release|x86.Deploy.0 = Release|x86
		{5895BD95-7913-43CA-961A-5929B08BA6B8}.Debug|Any CPU.ActiveCfg = Debug|Any CPU
		{5895BD95-7913-43CA-961A-5929B08BA6B8}.Debug|Any CPU.Build.0 = Debug|Any CPU
		{5895BD95-7913-43CA-961A-5929B08BA6B8}.Debug|ARM.ActiveCfg = Debug|ARM
		{5895BD95-7913-43CA-961A-5929B08BA6B8}.Debug|ARM.Build.0 = Debug|ARM
		{5895BD95-7913-43CA-961A-5929B08BA6B8}.Debug|Mixed Platforms.ActiveCfg = Debug|x86
		{5895BD95-7913-43CA-961A-5929B08BA6B8}.Debug|Mixed Platforms.Build.0 = Debug|x86
		{5895BD95-7913-43CA-961A-5929B08BA6B8}.Debug|x64.ActiveCfg = Debug|x64
		{5895BD95-7913-43CA-961A-5929B08BA6B8}.Debug|x64.Build.0 = Debug|x64
		{5895BD95-7913-43CA-961A-5929B08BA6B8}.Debug|x86.ActiveCfg = Debug|x86
		{5895BD95-7913-43CA-961A-5929B08BA6B8}.Debug|x86.Build.0 = Debug|x86
		{5895BD95-7913-43CA-961A-5929B08BA6B8}.Release|Any CPU.ActiveCfg = Release|Any CPU
		{5895BD95-7913-43CA-961A-5929B08BA6B8}.Release|Any CPU.Build.0 = Release|Any CPU
		{5895BD95-7913-43CA-961A-5929B08BA6B8}.Release|ARM.ActiveCfg = Release|ARM
		{5895BD95-7913-43CA-961A-5929B08BA6B8}.Release|ARM.Build.0 = Release|ARM
		{5895BD95-7913-43CA-961A-5929B08BA6B8}.Release|Mixed Platforms.ActiveCfg = Release|x86
		{5895BD95-7913-43CA-961A-5929B08BA6B8}.Release|Mixed Platforms.Build.0 = Release|x86
		{5895BD95-7913-43CA-961A-5929B08BA6B8}.Release|x64.ActiveCfg = Release|x64
		{5895BD95-7913-43CA-961A-5929B08BA6B8}.Release|x64.Build.0 = Release|x64
		{5895BD95-7913-43CA-961A-5929B08BA6B8}.Release|x86.ActiveCfg = Release|x86
		{5895BD95-7913-43CA-961A-5929B08BA6B8}.Release|x86.Build.0 = Release|x86
		{54D49B49-9F4C-4137-BDEA-FBE4C2043B90}.Debug|Any CPU.ActiveCfg = Debug|Any CPU
		{54D49B49-9F4C-4137-BDEA-FBE4C2043B90}.Debug|Any CPU.Build.0 = Debug|Any CPU
		{54D49B49-9F4C-4137-BDEA-FBE4C2043B90}.Debug|Any CPU.Deploy.0 = Debug|Any CPU
		{54D49B49-9F4C-4137-BDEA-FBE4C2043B90}.Debug|ARM.ActiveCfg = Debug|ARM
		{54D49B49-9F4C-4137-BDEA-FBE4C2043B90}.Debug|ARM.Build.0 = Debug|ARM
		{54D49B49-9F4C-4137-BDEA-FBE4C2043B90}.Debug|ARM.Deploy.0 = Debug|ARM
		{54D49B49-9F4C-4137-BDEA-FBE4C2043B90}.Debug|Mixed Platforms.ActiveCfg = Debug|x86
		{54D49B49-9F4C-4137-BDEA-FBE4C2043B90}.Debug|Mixed Platforms.Build.0 = Debug|x86
		{54D49B49-9F4C-4137-BDEA-FBE4C2043B90}.Debug|Mixed Platforms.Deploy.0 = Debug|x86
		{54D49B49-9F4C-4137-BDEA-FBE4C2043B90}.Debug|x64.ActiveCfg = Debug|x64
		{54D49B49-9F4C-4137-BDEA-FBE4C2043B90}.Debug|x64.Build.0 = Debug|x64
		{54D49B49-9F4C-4137-BDEA-FBE4C2043B90}.Debug|x64.Deploy.0 = Debug|x64
		{54D49B49-9F4C-4137-BDEA-FBE4C2043B90}.Debug|x86.ActiveCfg = Debug|x86
		{54D49B49-9F4C-4137-BDEA-FBE4C2043B90}.Debug|x86.Build.0 = Debug|x86
		{54D49B49-9F4C-4137-BDEA-FBE4C2043B90}.Debug|x86.Deploy.0 = Debug|x86
		{54D49B49-9F4C-4137-BDEA-FBE4C2043B90}.Release|Any CPU.ActiveCfg = Release|Any CPU
		{54D49B49-9F4C-4137-BDEA-FBE4C2043B90}.Release|Any CPU.Build.0 = Release|Any CPU
		{54D49B49-9F4C-4137-BDEA-FBE4C2043B90}.Release|Any CPU.Deploy.0 = Release|Any CPU
		{54D49B49-9F4C-4137-BDEA-FBE4C2043B90}.Release|ARM.ActiveCfg = Release|ARM
		{54D49B49-9F4C-4137-BDEA-FBE4C2043B90}.Release|ARM.Build.0 = Release|ARM
		{54D49B49-9F4C-4137-BDEA-FBE4C2043B90}.Release|ARM.Deploy.0 = Release|ARM
		{54D49B49-9F4C-4137-BDEA-FBE4C2043B90}.Release|Mixed Platforms.ActiveCfg = Release|x86
		{54D49B49-9F4C-4137-BDEA-FBE4C2043B90}.Release|Mixed Platforms.Build.0 = Release|x86
		{54D49B49-9F4C-4137-BDEA-FBE4C2043B90}.Release|Mixed Platforms.Deploy.0 = Release|x86
		{54D49B49-9F4C-4137-BDEA-FBE4C2043B90}.Release|x64.ActiveCfg = Release|x64
		{54D49B49-9F4C-4137-BDEA-FBE4C2043B90}.Release|x64.Build.0 = Release|x64
		{54D49B49-9F4C-4137-BDEA-FBE4C2043B90}.Release|x64.Deploy.0 = Release|x64
		{54D49B49-9F4C-4137-BDEA-FBE4C2043B90}.Release|x86.ActiveCfg = Release|x86
		{54D49B49-9F4C-4137-BDEA-FBE4C2043B90}.Release|x86.Build.0 = Release|x86
		{54D49B49-9F4C-4137-BDEA-FBE4C2043B90}.Release|x86.Deploy.0 = Release|x86
		{69426F3F-EC27-4C6F-B54F-8C014ACCBA1B}.Debug|Any CPU.ActiveCfg = Debug|Any CPU
		{69426F3F-EC27-4C6F-B54F-8C014ACCBA1B}.Debug|Any CPU.Build.0 = Debug|Any CPU
		{69426F3F-EC27-4C6F-B54F-8C014ACCBA1B}.Debug|ARM.ActiveCfg = Debug|ARM
		{69426F3F-EC27-4C6F-B54F-8C014ACCBA1B}.Debug|ARM.Build.0 = Debug|ARM
		{69426F3F-EC27-4C6F-B54F-8C014ACCBA1B}.Debug|Mixed Platforms.ActiveCfg = Debug|x86
		{69426F3F-EC27-4C6F-B54F-8C014ACCBA1B}.Debug|Mixed Platforms.Build.0 = Debug|x86
		{69426F3F-EC27-4C6F-B54F-8C014ACCBA1B}.Debug|x64.ActiveCfg = Debug|x64
		{69426F3F-EC27-4C6F-B54F-8C014ACCBA1B}.Debug|x64.Build.0 = Debug|x64
		{69426F3F-EC27-4C6F-B54F-8C014ACCBA1B}.Debug|x86.ActiveCfg = Debug|x86
		{69426F3F-EC27-4C6F-B54F-8C014ACCBA1B}.Debug|x86.Build.0 = Debug|x86
		{69426F3F-EC27-4C6F-B54F-8C014ACCBA1B}.Release|Any CPU.ActiveCfg = Release|Any CPU
		{69426F3F-EC27-4C6F-B54F-8C014ACCBA1B}.Release|Any CPU.Build.0 = Release|Any CPU
		{69426F3F-EC27-4C6F-B54F-8C014ACCBA1B}.Release|ARM.ActiveCfg = Release|ARM
		{69426F3F-EC27-4C6F-B54F-8C014ACCBA1B}.Release|ARM.Build.0 = Release|ARM
		{69426F3F-EC27-4C6F-B54F-8C014ACCBA1B}.Release|Mixed Platforms.ActiveCfg = Release|x86
		{69426F3F-EC27-4C6F-B54F-8C014ACCBA1B}.Release|Mixed Platforms.Build.0 = Release|x86
		{69426F3F-EC27-4C6F-B54F-8C014ACCBA1B}.Release|x64.ActiveCfg = Release|x64
		{69426F3F-EC27-4C6F-B54F-8C014ACCBA1B}.Release|x64.Build.0 = Release|x64
		{69426F3F-EC27-4C6F-B54F-8C014ACCBA1B}.Release|x86.ActiveCfg = Release|x86
		{69426F3F-EC27-4C6F-B54F-8C014ACCBA1B}.Release|x86.Build.0 = Release|x86
	EndGlobalSection
	GlobalSection(SolutionProperties) = preSolution
		HideSolutionNode = FALSE
	EndGlobalSection
EndGlobal
