
Microsoft Visual Studio Solution File, Format Version 12.00
# Visual Studio 2012
Project("{FAE04EC0-301F-11D3-BF4B-00C04F79EFBC}") = "LogbookApp", "LogbookApp\LogbookApp.csproj", "{6DC24399-8F24-4D07-AB27-9715D5421410}"
EndProject
Project("{FAE04EC0-301F-11D3-BF4B-00C04F79EFBC}") = "LogbookApp.Controls", "LogbookApp.Controls\LogbookApp.Controls.csproj", "{A9F8058B-2F54-4543-BAB7-58BBD0430F28}"
EndProject
Project("{FAE04EC0-301F-11D3-BF4B-00C04F79EFBC}") = "LogbookApp.Data", "LogbookApp.Data\LogbookApp.Data.csproj", "{89900CBD-6C4A-443B-93B9-67081C3308B9}"
EndProject
Project("{FAE04EC0-301F-11D3-BF4B-00C04F79EFBC}") = "LogbookApp.Data.Azure", "LogbookApp.Data.Azure\LogbookApp.Data.Azure.csproj", "{9C3AA3FE-7D24-4426-BDDA-4BED25CFEB13}"
EndProject
Project("{FAE04EC0-301F-11D3-BF4B-00C04F79EFBC}") = "LogbookApp.Data.LocalOData", "LogbookApp.Data.LocalOData\LogbookApp.Data.LocalOData.csproj", "{51644EA1-F2FF-4EDE-8367-A4515F3E7A32}"
EndProject
Project("{FAE04EC0-301F-11D3-BF4B-00C04F79EFBC}") = "LogbookApp.Test", "LogbookApp.Test\LogbookApp.Test.csproj", "{27CA00E2-4108-491B-B241-A5F4A0CEF3CA}"
EndProject
Project("{00D1A9C2-B5F0-4AF3-8072-F6C62B433612}") = "WorldPilotsLogBook", "..\WorldPilotsLogBook\WorldPilotsLogBook.sqlproj", "{EA5D4DC8-DAC1-41FF-B464-E144CB61B71B}"
EndProject
Project("{FAE04EC0-301F-11D3-BF4B-00C04F79EFBC}") = "DefaultDataLoader", "DefaultDataLoader\DefaultDataLoader.csproj", "{C62207F8-8E8F-4640-9E1A-B3C3B6FA5A45}"
EndProject
Global
	GlobalSection(SolutionConfigurationPlatforms) = preSolution
		Debug|Any CPU = Debug|Any CPU
		Debug|ARM = Debug|ARM
		Debug|Mixed Platforms = Debug|Mixed Platforms
		Debug|x64 = Debug|x64
		Debug|x86 = Debug|x86
		Release|Any CPU = Release|Any CPU
		Release|ARM = Release|ARM
		Release|Mixed Platforms = Release|Mixed Platforms
		Release|x64 = Release|x64
		Release|x86 = Release|x86
	EndGlobalSection
	GlobalSection(ProjectConfigurationPlatforms) = postSolution
		{6DC24399-8F24-4D07-AB27-9715D5421410}.Debug|Any CPU.ActiveCfg = Debug|Any CPU
		{6DC24399-8F24-4D07-AB27-9715D5421410}.Debug|Any CPU.Build.0 = Debug|Any CPU
		{6DC24399-8F24-4D07-AB27-9715D5421410}.Debug|Any CPU.Deploy.0 = Debug|Any CPU
		{6DC24399-8F24-4D07-AB27-9715D5421410}.Debug|ARM.ActiveCfg = Debug|ARM
		{6DC24399-8F24-4D07-AB27-9715D5421410}.Debug|ARM.Build.0 = Debug|ARM
		{6DC24399-8F24-4D07-AB27-9715D5421410}.Debug|ARM.Deploy.0 = Debug|ARM
		{6DC24399-8F24-4D07-AB27-9715D5421410}.Debug|Mixed Platforms.ActiveCfg = Debug|x86
		{6DC24399-8F24-4D07-AB27-9715D5421410}.Debug|Mixed Platforms.Build.0 = Debug|x86
		{6DC24399-8F24-4D07-AB27-9715D5421410}.Debug|Mixed Platforms.Deploy.0 = Debug|x86
		{6DC24399-8F24-4D07-AB27-9715D5421410}.Debug|x64.ActiveCfg = Debug|x64
		{6DC24399-8F24-4D07-AB27-9715D5421410}.Debug|x64.Build.0 = Debug|x64
		{6DC24399-8F24-4D07-AB27-9715D5421410}.Debug|x64.Deploy.0 = Debug|x64
		{6DC24399-8F24-4D07-AB27-9715D5421410}.Debug|x86.ActiveCfg = Debug|x86
		{6DC24399-8F24-4D07-AB27-9715D5421410}.Debug|x86.Build.0 = Debug|x86
		{6DC24399-8F24-4D07-AB27-9715D5421410}.Debug|x86.Deploy.0 = Debug|x86
		{6DC24399-8F24-4D07-AB27-9715D5421410}.Release|Any CPU.ActiveCfg = Release|Any CPU
		{6DC24399-8F24-4D07-AB27-9715D5421410}.Release|Any CPU.Build.0 = Release|Any CPU
		{6DC24399-8F24-4D07-AB27-9715D5421410}.Release|Any CPU.Deploy.0 = Release|Any CPU
		{6DC24399-8F24-4D07-AB27-9715D5421410}.Release|ARM.ActiveCfg = Release|ARM
		{6DC24399-8F24-4D07-AB27-9715D5421410}.Release|ARM.Build.0 = Release|ARM
		{6DC24399-8F24-4D07-AB27-9715D5421410}.Release|ARM.Deploy.0 = Release|ARM
		{6DC24399-8F24-4D07-AB27-9715D5421410}.Release|Mixed Platforms.ActiveCfg = Release|x86
		{6DC24399-8F24-4D07-AB27-9715D5421410}.Release|Mixed Platforms.Build.0 = Release|x86
		{6DC24399-8F24-4D07-AB27-9715D5421410}.Release|Mixed Platforms.Deploy.0 = Release|x86
		{6DC24399-8F24-4D07-AB27-9715D5421410}.Release|x64.ActiveCfg = Release|x64
		{6DC24399-8F24-4D07-AB27-9715D5421410}.Release|x64.Build.0 = Release|x64
		{6DC24399-8F24-4D07-AB27-9715D5421410}.Release|x64.Deploy.0 = Release|x64
		{6DC24399-8F24-4D07-AB27-9715D5421410}.Release|x86.ActiveCfg = Release|x86
		{6DC24399-8F24-4D07-AB27-9715D5421410}.Release|x86.Build.0 = Release|x86
		{6DC24399-8F24-4D07-AB27-9715D5421410}.Release|x86.Deploy.0 = Release|x86
		{A9F8058B-2F54-4543-BAB7-58BBD0430F28}.Debug|Any CPU.ActiveCfg = Debug|Any CPU
		{A9F8058B-2F54-4543-BAB7-58BBD0430F28}.Debug|Any CPU.Build.0 = Debug|Any CPU
		{A9F8058B-2F54-4543-BAB7-58BBD0430F28}.Debug|ARM.ActiveCfg = Debug|ARM
		{A9F8058B-2F54-4543-BAB7-58BBD0430F28}.Debug|ARM.Build.0 = Debug|ARM
		{A9F8058B-2F54-4543-BAB7-58BBD0430F28}.Debug|Mixed Platforms.ActiveCfg = Debug|x86
		{A9F8058B-2F54-4543-BAB7-58BBD0430F28}.Debug|Mixed Platforms.Build.0 = Debug|x86
		{A9F8058B-2F54-4543-BAB7-58BBD0430F28}.Debug|x64.ActiveCfg = Debug|x64
		{A9F8058B-2F54-4543-BAB7-58BBD0430F28}.Debug|x64.Build.0 = Debug|x64
		{A9F8058B-2F54-4543-BAB7-58BBD0430F28}.Debug|x86.ActiveCfg = Debug|x86
		{A9F8058B-2F54-4543-BAB7-58BBD0430F28}.Debug|x86.Build.0 = Debug|x86
		{A9F8058B-2F54-4543-BAB7-58BBD0430F28}.Release|Any CPU.ActiveCfg = Release|Any CPU
		{A9F8058B-2F54-4543-BAB7-58BBD0430F28}.Release|Any CPU.Build.0 = Release|Any CPU
		{A9F8058B-2F54-4543-BAB7-58BBD0430F28}.Release|ARM.ActiveCfg = Release|ARM
		{A9F8058B-2F54-4543-BAB7-58BBD0430F28}.Release|ARM.Build.0 = Release|ARM
		{A9F8058B-2F54-4543-BAB7-58BBD0430F28}.Release|Mixed Platforms.ActiveCfg = Release|x86
		{A9F8058B-2F54-4543-BAB7-58BBD0430F28}.Release|Mixed Platforms.Build.0 = Release|x86
		{A9F8058B-2F54-4543-BAB7-58BBD0430F28}.Release|x64.ActiveCfg = Release|x64
		{A9F8058B-2F54-4543-BAB7-58BBD0430F28}.Release|x64.Build.0 = Release|x64
		{A9F8058B-2F54-4543-BAB7-58BBD0430F28}.Release|x86.ActiveCfg = Release|x86
		{A9F8058B-2F54-4543-BAB7-58BBD0430F28}.Release|x86.Build.0 = Release|x86
		{89900CBD-6C4A-443B-93B9-67081C3308B9}.Debug|Any CPU.ActiveCfg = Debug|Any CPU
		{89900CBD-6C4A-443B-93B9-67081C3308B9}.Debug|Any CPU.Build.0 = Debug|Any CPU
		{89900CBD-6C4A-443B-93B9-67081C3308B9}.Debug|ARM.ActiveCfg = Debug|ARM
		{89900CBD-6C4A-443B-93B9-67081C3308B9}.Debug|ARM.Build.0 = Debug|ARM
		{89900CBD-6C4A-443B-93B9-67081C3308B9}.Debug|Mixed Platforms.ActiveCfg = Debug|x86
		{89900CBD-6C4A-443B-93B9-67081C3308B9}.Debug|Mixed Platforms.Build.0 = Debug|x86
		{89900CBD-6C4A-443B-93B9-67081C3308B9}.Debug|x64.ActiveCfg = Debug|x64
		{89900CBD-6C4A-443B-93B9-67081C3308B9}.Debug|x64.Build.0 = Debug|x64
		{89900CBD-6C4A-443B-93B9-67081C3308B9}.Debug|x86.ActiveCfg = Debug|x86
		{89900CBD-6C4A-443B-93B9-67081C3308B9}.Debug|x86.Build.0 = Debug|x86
		{89900CBD-6C4A-443B-93B9-67081C3308B9}.Release|Any CPU.ActiveCfg = Release|Any CPU
		{89900CBD-6C4A-443B-93B9-67081C3308B9}.Release|Any CPU.Build.0 = Release|Any CPU
		{89900CBD-6C4A-443B-93B9-67081C3308B9}.Release|ARM.ActiveCfg = Release|ARM
		{89900CBD-6C4A-443B-93B9-67081C3308B9}.Release|ARM.Build.0 = Release|ARM
		{89900CBD-6C4A-443B-93B9-67081C3308B9}.Release|Mixed Platforms.ActiveCfg = Release|x86
		{89900CBD-6C4A-443B-93B9-67081C3308B9}.Release|Mixed Platforms.Build.0 = Release|x86
		{89900CBD-6C4A-443B-93B9-67081C3308B9}.Release|x64.ActiveCfg = Release|x64
		{89900CBD-6C4A-443B-93B9-67081C3308B9}.Release|x64.Build.0 = Release|x64
		{89900CBD-6C4A-443B-93B9-67081C3308B9}.Release|x86.ActiveCfg = Release|x86
		{89900CBD-6C4A-443B-93B9-67081C3308B9}.Release|x86.Build.0 = Release|x86
		{9C3AA3FE-7D24-4426-BDDA-4BED25CFEB13}.Debug|Any CPU.ActiveCfg = Debug|Any CPU
		{9C3AA3FE-7D24-4426-BDDA-4BED25CFEB13}.Debug|Any CPU.Build.0 = Debug|Any CPU
		{9C3AA3FE-7D24-4426-BDDA-4BED25CFEB13}.Debug|ARM.ActiveCfg = Debug|ARM
		{9C3AA3FE-7D24-4426-BDDA-4BED25CFEB13}.Debug|ARM.Build.0 = Debug|ARM
		{9C3AA3FE-7D24-4426-BDDA-4BED25CFEB13}.Debug|Mixed Platforms.ActiveCfg = Debug|x86
		{9C3AA3FE-7D24-4426-BDDA-4BED25CFEB13}.Debug|Mixed Platforms.Build.0 = Debug|x86
		{9C3AA3FE-7D24-4426-BDDA-4BED25CFEB13}.Debug|x64.ActiveCfg = Debug|x64
		{9C3AA3FE-7D24-4426-BDDA-4BED25CFEB13}.Debug|x64.Build.0 = Debug|x64
		{9C3AA3FE-7D24-4426-BDDA-4BED25CFEB13}.Debug|x86.ActiveCfg = Debug|x86
		{9C3AA3FE-7D24-4426-BDDA-4BED25CFEB13}.Debug|x86.Build.0 = Debug|x86
		{9C3AA3FE-7D24-4426-BDDA-4BED25CFEB13}.Release|Any CPU.ActiveCfg = Release|Any CPU
		{9C3AA3FE-7D24-4426-BDDA-4BED25CFEB13}.Release|Any CPU.Build.0 = Release|Any CPU
		{9C3AA3FE-7D24-4426-BDDA-4BED25CFEB13}.Release|ARM.ActiveCfg = Release|ARM
		{9C3AA3FE-7D24-4426-BDDA-4BED25CFEB13}.Release|ARM.Build.0 = Release|ARM
		{9C3AA3FE-7D24-4426-BDDA-4BED25CFEB13}.Release|Mixed Platforms.ActiveCfg = Release|x86
		{9C3AA3FE-7D24-4426-BDDA-4BED25CFEB13}.Release|Mixed Platforms.Build.0 = Release|x86
		{9C3AA3FE-7D24-4426-BDDA-4BED25CFEB13}.Release|x64.ActiveCfg = Release|x64
		{9C3AA3FE-7D24-4426-BDDA-4BED25CFEB13}.Release|x64.Build.0 = Release|x64
		{9C3AA3FE-7D24-4426-BDDA-4BED25CFEB13}.Release|x86.ActiveCfg = Release|x86
		{9C3AA3FE-7D24-4426-BDDA-4BED25CFEB13}.Release|x86.Build.0 = Release|x86
		{51644EA1-F2FF-4EDE-8367-A4515F3E7A32}.Debug|Any CPU.ActiveCfg = Debug|Any CPU
		{51644EA1-F2FF-4EDE-8367-A4515F3E7A32}.Debug|Any CPU.Build.0 = Debug|Any CPU
		{51644EA1-F2FF-4EDE-8367-A4515F3E7A32}.Debug|ARM.ActiveCfg = Debug|ARM
		{51644EA1-F2FF-4EDE-8367-A4515F3E7A32}.Debug|ARM.Build.0 = Debug|ARM
		{51644EA1-F2FF-4EDE-8367-A4515F3E7A32}.Debug|Mixed Platforms.ActiveCfg = Debug|x86
		{51644EA1-F2FF-4EDE-8367-A4515F3E7A32}.Debug|Mixed Platforms.Build.0 = Debug|x86
		{51644EA1-F2FF-4EDE-8367-A4515F3E7A32}.Debug|x64.ActiveCfg = Debug|x64
		{51644EA1-F2FF-4EDE-8367-A4515F3E7A32}.Debug|x64.Build.0 = Debug|x64
		{51644EA1-F2FF-4EDE-8367-A4515F3E7A32}.Debug|x86.ActiveCfg = Debug|x86
		{51644EA1-F2FF-4EDE-8367-A4515F3E7A32}.Debug|x86.Build.0 = Debug|x86
		{51644EA1-F2FF-4EDE-8367-A4515F3E7A32}.Release|Any CPU.ActiveCfg = Release|Any CPU
		{51644EA1-F2FF-4EDE-8367-A4515F3E7A32}.Release|Any CPU.Build.0 = Release|Any CPU
		{51644EA1-F2FF-4EDE-8367-A4515F3E7A32}.Release|ARM.ActiveCfg = Release|ARM
		{51644EA1-F2FF-4EDE-8367-A4515F3E7A32}.Release|ARM.Build.0 = Release|ARM
		{51644EA1-F2FF-4EDE-8367-A4515F3E7A32}.Release|Mixed Platforms.ActiveCfg = Release|x86
		{51644EA1-F2FF-4EDE-8367-A4515F3E7A32}.Release|Mixed Platforms.Build.0 = Release|x86
		{51644EA1-F2FF-4EDE-8367-A4515F3E7A32}.Release|x64.ActiveCfg = Release|x64
		{51644EA1-F2FF-4EDE-8367-A4515F3E7A32}.Release|x64.Build.0 = Release|x64
		{51644EA1-F2FF-4EDE-8367-A4515F3E7A32}.Release|x86.ActiveCfg = Release|x86
		{51644EA1-F2FF-4EDE-8367-A4515F3E7A32}.Release|x86.Build.0 = Release|x86
		{27CA00E2-4108-491B-B241-A5F4A0CEF3CA}.Debug|Any CPU.ActiveCfg = Debug|Any CPU
		{27CA00E2-4108-491B-B241-A5F4A0CEF3CA}.Debug|Any CPU.Build.0 = Debug|Any CPU
		{27CA00E2-4108-491B-B241-A5F4A0CEF3CA}.Debug|Any CPU.Deploy.0 = Debug|Any CPU
		{27CA00E2-4108-491B-B241-A5F4A0CEF3CA}.Debug|ARM.ActiveCfg = Debug|ARM
		{27CA00E2-4108-491B-B241-A5F4A0CEF3CA}.Debug|ARM.Build.0 = Debug|ARM
		{27CA00E2-4108-491B-B241-A5F4A0CEF3CA}.Debug|ARM.Deploy.0 = Debug|ARM
		{27CA00E2-4108-491B-B241-A5F4A0CEF3CA}.Debug|Mixed Platforms.ActiveCfg = Debug|x86
		{27CA00E2-4108-491B-B241-A5F4A0CEF3CA}.Debug|Mixed Platforms.Build.0 = Debug|x86
		{27CA00E2-4108-491B-B241-A5F4A0CEF3CA}.Debug|Mixed Platforms.Deploy.0 = Debug|x86
		{27CA00E2-4108-491B-B241-A5F4A0CEF3CA}.Debug|x64.ActiveCfg = Debug|x64
		{27CA00E2-4108-491B-B241-A5F4A0CEF3CA}.Debug|x64.Build.0 = Debug|x64
		{27CA00E2-4108-491B-B241-A5F4A0CEF3CA}.Debug|x64.Deploy.0 = Debug|x64
		{27CA00E2-4108-491B-B241-A5F4A0CEF3CA}.Debug|x86.ActiveCfg = Debug|x86
		{27CA00E2-4108-491B-B241-A5F4A0CEF3CA}.Debug|x86.Build.0 = Debug|x86
		{27CA00E2-4108-491B-B241-A5F4A0CEF3CA}.Debug|x86.Deploy.0 = Debug|x86
		{27CA00E2-4108-491B-B241-A5F4A0CEF3CA}.Release|Any CPU.ActiveCfg = Release|Any CPU
		{27CA00E2-4108-491B-B241-A5F4A0CEF3CA}.Release|Any CPU.Build.0 = Release|Any CPU
		{27CA00E2-4108-491B-B241-A5F4A0CEF3CA}.Release|Any CPU.Deploy.0 = Release|Any CPU
		{27CA00E2-4108-491B-B241-A5F4A0CEF3CA}.Release|ARM.ActiveCfg = Release|ARM
		{27CA00E2-4108-491B-B241-A5F4A0CEF3CA}.Release|ARM.Build.0 = Release|ARM
		{27CA00E2-4108-491B-B241-A5F4A0CEF3CA}.Release|ARM.Deploy.0 = Release|ARM
		{27CA00E2-4108-491B-B241-A5F4A0CEF3CA}.Release|Mixed Platforms.ActiveCfg = Release|x86
		{27CA00E2-4108-491B-B241-A5F4A0CEF3CA}.Release|Mixed Platforms.Build.0 = Release|x86
		{27CA00E2-4108-491B-B241-A5F4A0CEF3CA}.Release|Mixed Platforms.Deploy.0 = Release|x86
		{27CA00E2-4108-491B-B241-A5F4A0CEF3CA}.Release|x64.ActiveCfg = Release|x64
		{27CA00E2-4108-491B-B241-A5F4A0CEF3CA}.Release|x64.Build.0 = Release|x64
		{27CA00E2-4108-491B-B241-A5F4A0CEF3CA}.Release|x64.Deploy.0 = Release|x64
		{27CA00E2-4108-491B-B241-A5F4A0CEF3CA}.Release|x86.ActiveCfg = Release|x86
		{27CA00E2-4108-491B-B241-A5F4A0CEF3CA}.Release|x86.Build.0 = Release|x86
		{27CA00E2-4108-491B-B241-A5F4A0CEF3CA}.Release|x86.Deploy.0 = Release|x86
		{EA5D4DC8-DAC1-41FF-B464-E144CB61B71B}.Debug|Any CPU.ActiveCfg = Debug|Any CPU
		{EA5D4DC8-DAC1-41FF-B464-E144CB61B71B}.Debug|Any CPU.Build.0 = Debug|Any CPU
		{EA5D4DC8-DAC1-41FF-B464-E144CB61B71B}.Debug|Any CPU.Deploy.0 = Debug|Any CPU
		{EA5D4DC8-DAC1-41FF-B464-E144CB61B71B}.Debug|ARM.ActiveCfg = Debug|Any CPU
		{EA5D4DC8-DAC1-41FF-B464-E144CB61B71B}.Debug|Mixed Platforms.ActiveCfg = Debug|Any CPU
		{EA5D4DC8-DAC1-41FF-B464-E144CB61B71B}.Debug|Mixed Platforms.Build.0 = Debug|Any CPU
		{EA5D4DC8-DAC1-41FF-B464-E144CB61B71B}.Debug|Mixed Platforms.Deploy.0 = Debug|Any CPU
		{EA5D4DC8-DAC1-41FF-B464-E144CB61B71B}.Debug|x64.ActiveCfg = Debug|Any CPU
		{EA5D4DC8-DAC1-41FF-B464-E144CB61B71B}.Debug|x86.ActiveCfg = Debug|Any CPU
		{EA5D4DC8-DAC1-41FF-B464-E144CB61B71B}.Release|Any CPU.ActiveCfg = Release|Any CPU
		{EA5D4DC8-DAC1-41FF-B464-E144CB61B71B}.Release|Any CPU.Build.0 = Release|Any CPU
		{EA5D4DC8-DAC1-41FF-B464-E144CB61B71B}.Release|Any CPU.Deploy.0 = Release|Any CPU
		{EA5D4DC8-DAC1-41FF-B464-E144CB61B71B}.Release|ARM.ActiveCfg = Release|Any CPU
		{EA5D4DC8-DAC1-41FF-B464-E144CB61B71B}.Release|Mixed Platforms.ActiveCfg = Release|Any CPU
		{EA5D4DC8-DAC1-41FF-B464-E144CB61B71B}.Release|Mixed Platforms.Build.0 = Release|Any CPU
		{EA5D4DC8-DAC1-41FF-B464-E144CB61B71B}.Release|Mixed Platforms.Deploy.0 = Release|Any CPU
		{EA5D4DC8-DAC1-41FF-B464-E144CB61B71B}.Release|x64.ActiveCfg = Release|Any CPU
		{EA5D4DC8-DAC1-41FF-B464-E144CB61B71B}.Release|x86.ActiveCfg = Release|Any CPU
		{C62207F8-8E8F-4640-9E1A-B3C3B6FA5A45}.Debug|Any CPU.ActiveCfg = Debug|Any CPU
		{C62207F8-8E8F-4640-9E1A-B3C3B6FA5A45}.Debug|Any CPU.Build.0 = Debug|Any CPU
		{C62207F8-8E8F-4640-9E1A-B3C3B6FA5A45}.Debug|Any CPU.Deploy.0 = Debug|Any CPU
		{C62207F8-8E8F-4640-9E1A-B3C3B6FA5A45}.Debug|ARM.ActiveCfg = Debug|ARM
		{C62207F8-8E8F-4640-9E1A-B3C3B6FA5A45}.Debug|ARM.Build.0 = Debug|ARM
		{C62207F8-8E8F-4640-9E1A-B3C3B6FA5A45}.Debug|ARM.Deploy.0 = Debug|ARM
		{C62207F8-8E8F-4640-9E1A-B3C3B6FA5A45}.Debug|Mixed Platforms.ActiveCfg = Debug|x86
		{C62207F8-8E8F-4640-9E1A-B3C3B6FA5A45}.Debug|Mixed Platforms.Build.0 = Debug|x86
		{C62207F8-8E8F-4640-9E1A-B3C3B6FA5A45}.Debug|Mixed Platforms.Deploy.0 = Debug|x86
		{C62207F8-8E8F-4640-9E1A-B3C3B6FA5A45}.Debug|x64.ActiveCfg = Debug|x64
		{C62207F8-8E8F-4640-9E1A-B3C3B6FA5A45}.Debug|x64.Build.0 = Debug|x64
		{C62207F8-8E8F-4640-9E1A-B3C3B6FA5A45}.Debug|x64.Deploy.0 = Debug|x64
		{C62207F8-8E8F-4640-9E1A-B3C3B6FA5A45}.Debug|x86.ActiveCfg = Debug|x86
		{C62207F8-8E8F-4640-9E1A-B3C3B6FA5A45}.Debug|x86.Build.0 = Debug|x86
		{C62207F8-8E8F-4640-9E1A-B3C3B6FA5A45}.Debug|x86.Deploy.0 = Debug|x86
		{C62207F8-8E8F-4640-9E1A-B3C3B6FA5A45}.Release|Any CPU.ActiveCfg = Release|Any CPU
		{C62207F8-8E8F-4640-9E1A-B3C3B6FA5A45}.Release|Any CPU.Build.0 = Release|Any CPU
		{C62207F8-8E8F-4640-9E1A-B3C3B6FA5A45}.Release|Any CPU.Deploy.0 = Release|Any CPU
		{C62207F8-8E8F-4640-9E1A-B3C3B6FA5A45}.Release|ARM.ActiveCfg = Release|ARM
		{C62207F8-8E8F-4640-9E1A-B3C3B6FA5A45}.Release|ARM.Build.0 = Release|ARM
		{C62207F8-8E8F-4640-9E1A-B3C3B6FA5A45}.Release|ARM.Deploy.0 = Release|ARM
		{C62207F8-8E8F-4640-9E1A-B3C3B6FA5A45}.Release|Mixed Platforms.ActiveCfg = Release|x86
		{C62207F8-8E8F-4640-9E1A-B3C3B6FA5A45}.Release|Mixed Platforms.Build.0 = Release|x86
		{C62207F8-8E8F-4640-9E1A-B3C3B6FA5A45}.Release|Mixed Platforms.Deploy.0 = Release|x86
		{C62207F8-8E8F-4640-9E1A-B3C3B6FA5A45}.Release|x64.ActiveCfg = Release|x64
		{C62207F8-8E8F-4640-9E1A-B3C3B6FA5A45}.Release|x64.Build.0 = Release|x64
		{C62207F8-8E8F-4640-9E1A-B3C3B6FA5A45}.Release|x64.Deploy.0 = Release|x64
		{C62207F8-8E8F-4640-9E1A-B3C3B6FA5A45}.Release|x86.ActiveCfg = Release|x86
		{C62207F8-8E8F-4640-9E1A-B3C3B6FA5A45}.Release|x86.Build.0 = Release|x86
		{C62207F8-8E8F-4640-9E1A-B3C3B6FA5A45}.Release|x86.Deploy.0 = Release|x86
	EndGlobalSection
	GlobalSection(SolutionProperties) = preSolution
		HideSolutionNode = FALSE
	EndGlobalSection
EndGlobal
